
Microsoft Visual Studio Solution File, Format Version 12.00
# Visual Studio Version 17
VisualStudioVersion = 17.0.31903.59
MinimumVisualStudioVersion = 10.0.40219.1
Project("{9A19103F-16F7-4668-BE54-9A1E7A4F7556}") = "Lawful.GameLibrary", "..\Lawful.GameLibrary\Lawful.GameLibrary.csproj", "{6F4158E9-5F63-44CF-9C21-A5324D202688}"
EndProject
Project("{9A19103F-16F7-4668-BE54-9A1E7A4F7556}") = "Lawful", "Lawful.csproj", "{E8CDB452-6BA9-4A68-9CDA-4C69310AD1B9}"
EndProject
Project("{9A19103F-16F7-4668-BE54-9A1E7A4F7556}") = "Lawful.InputParser", "..\Lawful.InputParser\Lawful.InputParser.csproj", "{7B9DEED1-5B19-4988-ADDD-9449F2C46570}"
EndProject
Project("{9A19103F-16F7-4668-BE54-9A1E7A4F7556}") = "Intro", "..\Missions\Intro\Intro.csproj", "{3580A7C8-3484-4E2B-90CE-D309275A0B3A}"
EndProject
Project("{9A19103F-16F7-4668-BE54-9A1E7A4F7556}") = "ShouldersOfGiants", "..\Missions\ShouldersOfGiants\ShouldersOfGiants.csproj", "{623C87A9-810E-454F-9E0B-8912850C0978}"
EndProject
Project("{2150E333-8FDC-42A3-9474-1A3956D46DE8}") = "Missions", "Missions", "{79C83B27-E49F-47C2-AA0A-47A73334CEB9}"
EndProject
Global
	GlobalSection(SolutionConfigurationPlatforms) = preSolution
		Debug|Any CPU = Debug|Any CPU
		Release|Any CPU = Release|Any CPU
	EndGlobalSection
	GlobalSection(ProjectConfigurationPlatforms) = postSolution
		{6F4158E9-5F63-44CF-9C21-A5324D202688}.Debug|Any CPU.ActiveCfg = Debug|Any CPU
		{6F4158E9-5F63-44CF-9C21-A5324D202688}.Debug|Any CPU.Build.0 = Debug|Any CPU
		{6F4158E9-5F63-44CF-9C21-A5324D202688}.Release|Any CPU.ActiveCfg = Release|Any CPU
		{6F4158E9-5F63-44CF-9C21-A5324D202688}.Release|Any CPU.Build.0 = Release|Any CPU
		{E8CDB452-6BA9-4A68-9CDA-4C69310AD1B9}.Debug|Any CPU.ActiveCfg = Debug|Any CPU
		{E8CDB452-6BA9-4A68-9CDA-4C69310AD1B9}.Debug|Any CPU.Build.0 = Debug|Any CPU
		{E8CDB452-6BA9-4A68-9CDA-4C69310AD1B9}.Release|Any CPU.ActiveCfg = Release|Any CPU
		{E8CDB452-6BA9-4A68-9CDA-4C69310AD1B9}.Release|Any CPU.Build.0 = Release|Any CPU
		{7B9DEED1-5B19-4988-ADDD-9449F2C46570}.Debug|Any CPU.ActiveCfg = Debug|Any CPU
		{7B9DEED1-5B19-4988-ADDD-9449F2C46570}.Debug|Any CPU.Build.0 = Debug|Any CPU
		{7B9DEED1-5B19-4988-ADDD-9449F2C46570}.Release|Any CPU.ActiveCfg = Release|Any CPU
		{7B9DEED1-5B19-4988-ADDD-9449F2C46570}.Release|Any CPU.Build.0 = Release|Any CPU
		{3580A7C8-3484-4E2B-90CE-D309275A0B3A}.Debug|Any CPU.ActiveCfg = Debug|Any CPU
		{3580A7C8-3484-4E2B-90CE-D309275A0B3A}.Debug|Any CPU.Build.0 = Debug|Any CPU
		{3580A7C8-3484-4E2B-90CE-D309275A0B3A}.Release|Any CPU.ActiveCfg = Release|Any CPU
		{3580A7C8-3484-4E2B-90CE-D309275A0B3A}.Release|Any CPU.Build.0 = Release|Any CPU
		{623C87A9-810E-454F-9E0B-8912850C0978}.Debug|Any CPU.ActiveCfg = Debug|Any CPU
		{623C87A9-810E-454F-9E0B-8912850C0978}.Debug|Any CPU.Build.0 = Debug|Any CPU
		{623C87A9-810E-454F-9E0B-8912850C0978}.Release|Any CPU.ActiveCfg = Release|Any CPU
		{623C87A9-810E-454F-9E0B-8912850C0978}.Release|Any CPU.Build.0 = Release|Any CPU
	EndGlobalSection
	GlobalSection(SolutionProperties) = preSolution
		HideSolutionNode = FALSE
	EndGlobalSection
	GlobalSection(NestedProjects) = preSolution
		{3580A7C8-3484-4E2B-90CE-D309275A0B3A} = {79C83B27-E49F-47C2-AA0A-47A73334CEB9}
		{623C87A9-810E-454F-9E0B-8912850C0978} = {79C83B27-E49F-47C2-AA0A-47A73334CEB9}
	EndGlobalSection
	GlobalSection(ExtensibilityGlobals) = postSolution
		SolutionGuid = {3BEFEA5A-3B7F-4A20-AAC9-7C62833659DF}
	EndGlobalSection
EndGlobal
