
Microsoft Visual Studio Solution File, Format Version 12.00
# Visual Studio Version 16
VisualStudioVersion = 16.0.31424.327
MinimumVisualStudioVersion = 10.0.40219.1
Project("{9A19103F-16F7-4668-BE54-9A1E7A4F7556}") = "Lawful", "Lawful.csproj", "{3F34848A-89C5-4D2B-A95F-F39CA4BF0C2E}"
EndProject
Project("{9A19103F-16F7-4668-BE54-9A1E7A4F7556}") = "Lawful.InputParser", "..\Lawful.InputParser\Lawful.InputParser.csproj", "{CDA06796-3659-45A6-A9B7-3B430970E9F4}"
EndProject
Project("{9A19103F-16F7-4668-BE54-9A1E7A4F7556}") = "Lawful.GameObjects", "..\Lawful.GameObjects\Lawful.GameObjects.csproj", "{645B3A47-3D6F-41CB-A85A-B324EB0992B8}"
EndProject
Project("{FAE04EC0-301F-11D3-BF4B-00C04F79EFBC}") = "shouldersofgiants", "..\Missions\shouldersofgiants\shouldersofgiants.csproj", "{C353471F-981C-4045-AD3C-603EBC5E7BB7}"
EndProject
Global
	GlobalSection(SolutionConfigurationPlatforms) = preSolution
		Debug|Any CPU = Debug|Any CPU
		Release|Any CPU = Release|Any CPU
	EndGlobalSection
	GlobalSection(ProjectConfigurationPlatforms) = postSolution
		{3F34848A-89C5-4D2B-A95F-F39CA4BF0C2E}.Debug|Any CPU.ActiveCfg = Debug|Any CPU
		{3F34848A-89C5-4D2B-A95F-F39CA4BF0C2E}.Debug|Any CPU.Build.0 = Debug|Any CPU
		{3F34848A-89C5-4D2B-A95F-F39CA4BF0C2E}.Release|Any CPU.ActiveCfg = Release|Any CPU
		{3F34848A-89C5-4D2B-A95F-F39CA4BF0C2E}.Release|Any CPU.Build.0 = Release|Any CPU
		{CDA06796-3659-45A6-A9B7-3B430970E9F4}.Debug|Any CPU.ActiveCfg = Debug|Any CPU
		{CDA06796-3659-45A6-A9B7-3B430970E9F4}.Debug|Any CPU.Build.0 = Debug|Any CPU
		{CDA06796-3659-45A6-A9B7-3B430970E9F4}.Release|Any CPU.ActiveCfg = Release|Any CPU
		{CDA06796-3659-45A6-A9B7-3B430970E9F4}.Release|Any CPU.Build.0 = Release|Any CPU
		{645B3A47-3D6F-41CB-A85A-B324EB0992B8}.Debug|Any CPU.ActiveCfg = Debug|Any CPU
		{645B3A47-3D6F-41CB-A85A-B324EB0992B8}.Debug|Any CPU.Build.0 = Debug|Any CPU
		{645B3A47-3D6F-41CB-A85A-B324EB0992B8}.Release|Any CPU.ActiveCfg = Release|Any CPU
		{645B3A47-3D6F-41CB-A85A-B324EB0992B8}.Release|Any CPU.Build.0 = Release|Any CPU
		{C353471F-981C-4045-AD3C-603EBC5E7BB7}.Debug|Any CPU.ActiveCfg = Debug|Any CPU
		{C353471F-981C-4045-AD3C-603EBC5E7BB7}.Debug|Any CPU.Build.0 = Debug|Any CPU
		{C353471F-981C-4045-AD3C-603EBC5E7BB7}.Release|Any CPU.ActiveCfg = Release|Any CPU
		{C353471F-981C-4045-AD3C-603EBC5E7BB7}.Release|Any CPU.Build.0 = Release|Any CPU
	EndGlobalSection
	GlobalSection(SolutionProperties) = preSolution
		HideSolutionNode = FALSE
	EndGlobalSection
	GlobalSection(ExtensibilityGlobals) = postSolution
		SolutionGuid = {5D3CC7CC-FD86-43C1-BF97-F68F98EB01A1}
	EndGlobalSection
EndGlobal
